// !$*UTF8*$!
{
	archiveVersion = 1;
	classes = {
	};
	objectVersion = 50;
	objects = {

/* Begin PBXBuildFile section */
		B50745EB25468FF100CD276C /* AppDelegate.swift in Sources */ = {isa = PBXBuildFile; fileRef = B50745EA25468FF100CD276C /* AppDelegate.swift */; };
		B50745ED25468FF100CD276C /* SceneDelegate.swift in Sources */ = {isa = PBXBuildFile; fileRef = B50745EC25468FF100CD276C /* SceneDelegate.swift */; };
		B50745EF25468FF100CD276C /* ViewController.swift in Sources */ = {isa = PBXBuildFile; fileRef = B50745EE25468FF100CD276C /* ViewController.swift */; };
		B50745F225468FF100CD276C /* Main.storyboard in Resources */ = {isa = PBXBuildFile; fileRef = B50745F025468FF100CD276C /* Main.storyboard */; };
		B50745F425468FF200CD276C /* Assets.xcassets in Resources */ = {isa = PBXBuildFile; fileRef = B50745F325468FF200CD276C /* Assets.xcassets */; };
		B50745F725468FF200CD276C /* LaunchScreen.storyboard in Resources */ = {isa = PBXBuildFile; fileRef = B50745F525468FF200CD276C /* LaunchScreen.storyboard */; };
		B507460225468FF300CD276C /* CameraDemoTests.swift in Sources */ = {isa = PBXBuildFile; fileRef = B507460125468FF300CD276C /* CameraDemoTests.swift */; };
		B507460D25468FF300CD276C /* CameraDemoUITests.swift in Sources */ = {isa = PBXBuildFile; fileRef = B507460C25468FF300CD276C /* CameraDemoUITests.swift */; };
/* End PBXBuildFile section */

/* Begin PBXContainerItemProxy section */
		B50745FE25468FF300CD276C /* PBXContainerItemProxy */ = {
			isa = PBXContainerItemProxy;
			containerPortal = B50745DF25468FF100CD276C /* Project object */;
			proxyType = 1;
			remoteGlobalIDString = B50745E625468FF100CD276C;
			remoteInfo = CameraDemo;
		};
		B507460925468FF300CD276C /* PBXContainerItemProxy */ = {
			isa = PBXContainerItemProxy;
			containerPortal = B50745DF25468FF100CD276C /* Project object */;
			proxyType = 1;
			remoteGlobalIDString = B50745E625468FF100CD276C;
			remoteInfo = CameraDemo;
		};
/* End PBXContainerItemProxy section */

/* Begin PBXFileReference section */
		B50745E725468FF100CD276C /* CameraDemo.app */ = {isa = PBXFileReference; explicitFileType = wrapper.application; includeInIndex = 0; path = CameraDemo.app; sourceTree = BUILT_PRODUCTS_DIR; };
		B50745EA25468FF100CD276C /* AppDelegate.swift */ = {isa = PBXFileReference; lastKnownFileType = sourcecode.swift; path = AppDelegate.swift; sourceTree = "<group>"; };
		B50745EC25468FF100CD276C /* SceneDelegate.swift */ = {isa = PBXFileReference; lastKnownFileType = sourcecode.swift; path = SceneDelegate.swift; sourceTree = "<group>"; };
		B50745EE25468FF100CD276C /* ViewController.swift */ = {isa = PBXFileReference; lastKnownFileType = sourcecode.swift; path = ViewController.swift; sourceTree = "<group>"; };
		B50745F125468FF100CD276C /* Base */ = {isa = PBXFileReference; lastKnownFileType = file.storyboard; name = Base; path = Base.lproj/Main.storyboard; sourceTree = "<group>"; };
		B50745F325468FF200CD276C /* Assets.xcassets */ = {isa = PBXFileReference; lastKnownFileType = folder.assetcatalog; path = Assets.xcassets; sourceTree = "<group>"; };
		B50745F625468FF200CD276C /* Base */ = {isa = PBXFileReference; lastKnownFileType = file.storyboard; name = Base; path = Base.lproj/LaunchScreen.storyboard; sourceTree = "<group>"; };
		B50745F825468FF200CD276C /* Info.plist */ = {isa = PBXFileReference; lastKnownFileType = text.plist.xml; path = Info.plist; sourceTree = "<group>"; };
		B50745FD25468FF300CD276C /* CameraDemoTests.xctest */ = {isa = PBXFileReference; explicitFileType = wrapper.cfbundle; includeInIndex = 0; path = CameraDemoTests.xctest; sourceTree = BUILT_PRODUCTS_DIR; };
		B507460125468FF300CD276C /* CameraDemoTests.swift */ = {isa = PBXFileReference; lastKnownFileType = sourcecode.swift; path = CameraDemoTests.swift; sourceTree = "<group>"; };
		B507460325468FF300CD276C /* Info.plist */ = {isa = PBXFileReference; lastKnownFileType = text.plist.xml; path = Info.plist; sourceTree = "<group>"; };
		B507460825468FF300CD276C /* CameraDemoUITests.xctest */ = {isa = PBXFileReference; explicitFileType = wrapper.cfbundle; includeInIndex = 0; path = CameraDemoUITests.xctest; sourceTree = BUILT_PRODUCTS_DIR; };
		B507460C25468FF300CD276C /* CameraDemoUITests.swift */ = {isa = PBXFileReference; lastKnownFileType = sourcecode.swift; path = CameraDemoUITests.swift; sourceTree = "<group>"; };
		B507460E25468FF300CD276C /* Info.plist */ = {isa = PBXFileReference; lastKnownFileType = text.plist.xml; path = Info.plist; sourceTree = "<group>"; };
/* End PBXFileReference section */

/* Begin PBXFrameworksBuildPhase section */
		B50745E425468FF100CD276C /* Frameworks */ = {
			isa = PBXFrameworksBuildPhase;
			buildActionMask = 2147483647;
			files = (
			);
			runOnlyForDeploymentPostprocessing = 0;
		};
		B50745FA25468FF300CD276C /* Frameworks */ = {
			isa = PBXFrameworksBuildPhase;
			buildActionMask = 2147483647;
			files = (
			);
			runOnlyForDeploymentPostprocessing = 0;
		};
		B507460525468FF300CD276C /* Frameworks */ = {
			isa = PBXFrameworksBuildPhase;
			buildActionMask = 2147483647;
			files = (
			);
			runOnlyForDeploymentPostprocessing = 0;
		};
/* End PBXFrameworksBuildPhase section */

/* Begin PBXGroup section */
		B50745DE25468FF100CD276C = {
			isa = PBXGroup;
			children = (
				B50745E925468FF100CD276C /* CameraDemo */,
				B507460025468FF300CD276C /* CameraDemoTests */,
				B507460B25468FF300CD276C /* CameraDemoUITests */,
				B50745E825468FF100CD276C /* Products */,
			);
			sourceTree = "<group>";
		};
		B50745E825468FF100CD276C /* Products */ = {
			isa = PBXGroup;
			children = (
				B50745E725468FF100CD276C /* CameraDemo.app */,
				B50745FD25468FF300CD276C /* CameraDemoTests.xctest */,
				B507460825468FF300CD276C /* CameraDemoUITests.xctest */,
			);
			name = Products;
			sourceTree = "<group>";
		};
		B50745E925468FF100CD276C /* CameraDemo */ = {
			isa = PBXGroup;
			children = (
				B50745EA25468FF100CD276C /* AppDelegate.swift */,
				B50745EC25468FF100CD276C /* SceneDelegate.swift */,
				B50745EE25468FF100CD276C /* ViewController.swift */,
				B50745F025468FF100CD276C /* Main.storyboard */,
				B50745F325468FF200CD276C /* Assets.xcassets */,
				B50745F525468FF200CD276C /* LaunchScreen.storyboard */,
				B50745F825468FF200CD276C /* Info.plist */,
			);
			path = CameraDemo;
			sourceTree = "<group>";
		};
		B507460025468FF300CD276C /* CameraDemoTests */ = {
			isa = PBXGroup;
			children = (
				B507460125468FF300CD276C /* CameraDemoTests.swift */,
				B507460325468FF300CD276C /* Info.plist */,
			);
			path = CameraDemoTests;
			sourceTree = "<group>";
		};
		B507460B25468FF300CD276C /* CameraDemoUITests */ = {
			isa = PBXGroup;
			children = (
				B507460C25468FF300CD276C /* CameraDemoUITests.swift */,
				B507460E25468FF300CD276C /* Info.plist */,
			);
			path = CameraDemoUITests;
			sourceTree = "<group>";
		};
/* End PBXGroup section */

/* Begin PBXNativeTarget section */
		B50745E625468FF100CD276C /* CameraDemo */ = {
			isa = PBXNativeTarget;
			buildConfigurationList = B507461125468FF300CD276C /* Build configuration list for PBXNativeTarget "CameraDemo" */;
			buildPhases = (
				B50745E325468FF100CD276C /* Sources */,
				B50745E425468FF100CD276C /* Frameworks */,
				B50745E525468FF100CD276C /* Resources */,
			);
			buildRules = (
			);
			dependencies = (
			);
			name = CameraDemo;
			productName = CameraDemo;
			productReference = B50745E725468FF100CD276C /* CameraDemo.app */;
			productType = "com.apple.product-type.application";
		};
		B50745FC25468FF300CD276C /* CameraDemoTests */ = {
			isa = PBXNativeTarget;
			buildConfigurationList = B507461425468FF300CD276C /* Build configuration list for PBXNativeTarget "CameraDemoTests" */;
			buildPhases = (
				B50745F925468FF300CD276C /* Sources */,
				B50745FA25468FF300CD276C /* Frameworks */,
				B50745FB25468FF300CD276C /* Resources */,
			);
			buildRules = (
			);
			dependencies = (
				B50745FF25468FF300CD276C /* PBXTargetDependency */,
			);
			name = CameraDemoTests;
			productName = CameraDemoTests;
			productReference = B50745FD25468FF300CD276C /* CameraDemoTests.xctest */;
			productType = "com.apple.product-type.bundle.unit-test";
		};
		B507460725468FF300CD276C /* CameraDemoUITests */ = {
			isa = PBXNativeTarget;
			buildConfigurationList = B507461725468FF300CD276C /* Build configuration list for PBXNativeTarget "CameraDemoUITests" */;
			buildPhases = (
				B507460425468FF300CD276C /* Sources */,
				B507460525468FF300CD276C /* Frameworks */,
				B507460625468FF300CD276C /* Resources */,
			);
			buildRules = (
			);
			dependencies = (
				B507460A25468FF300CD276C /* PBXTargetDependency */,
			);
			name = CameraDemoUITests;
			productName = CameraDemoUITests;
			productReference = B507460825468FF300CD276C /* CameraDemoUITests.xctest */;
			productType = "com.apple.product-type.bundle.ui-testing";
		};
/* End PBXNativeTarget section */

/* Begin PBXProject section */
		B50745DF25468FF100CD276C /* Project object */ = {
			isa = PBXProject;
			attributes = {
				LastSwiftUpdateCheck = 1210;
				LastUpgradeCheck = 1210;
				TargetAttributes = {
					B50745E625468FF100CD276C = {
						CreatedOnToolsVersion = 12.1;
					};
					B50745FC25468FF300CD276C = {
						CreatedOnToolsVersion = 12.1;
						TestTargetID = B50745E625468FF100CD276C;
					};
					B507460725468FF300CD276C = {
						CreatedOnToolsVersion = 12.1;
						TestTargetID = B50745E625468FF100CD276C;
					};
				};
			};
			buildConfigurationList = B50745E225468FF100CD276C /* Build configuration list for PBXProject "CameraDemo" */;
			compatibilityVersion = "Xcode 9.3";
			developmentRegion = en;
			hasScannedForEncodings = 0;
			knownRegions = (
				en,
				Base,
			);
			mainGroup = B50745DE25468FF100CD276C;
			productRefGroup = B50745E825468FF100CD276C /* Products */;
			projectDirPath = "";
			projectRoot = "";
			targets = (
				B50745E625468FF100CD276C /* CameraDemo */,
				B50745FC25468FF300CD276C /* CameraDemoTests */,
				B507460725468FF300CD276C /* CameraDemoUITests */,
			);
		};
/* End PBXProject section */

/* Begin PBXResourcesBuildPhase section */
		B50745E525468FF100CD276C /* Resources */ = {
			isa = PBXResourcesBuildPhase;
			buildActionMask = 2147483647;
			files = (
				B50745F725468FF200CD276C /* LaunchScreen.storyboard in Resources */,
				B50745F425468FF200CD276C /* Assets.xcassets in Resources */,
				B50745F225468FF100CD276C /* Main.storyboard in Resources */,
			);
			runOnlyForDeploymentPostprocessing = 0;
		};
		B50745FB25468FF300CD276C /* Resources */ = {
			isa = PBXResourcesBuildPhase;
			buildActionMask = 2147483647;
			files = (
			);
			runOnlyForDeploymentPostprocessing = 0;
		};
		B507460625468FF300CD276C /* Resources */ = {
			isa = PBXResourcesBuildPhase;
			buildActionMask = 2147483647;
			files = (
			);
			runOnlyForDeploymentPostprocessing = 0;
		};
/* End PBXResourcesBuildPhase section */

/* Begin PBXSourcesBuildPhase section */
		B50745E325468FF100CD276C /* Sources */ = {
			isa = PBXSourcesBuildPhase;
			buildActionMask = 2147483647;
			files = (
				B50745EF25468FF100CD276C /* ViewController.swift in Sources */,
				B50745EB25468FF100CD276C /* AppDelegate.swift in Sources */,
				B50745ED25468FF100CD276C /* SceneDelegate.swift in Sources */,
			);
			runOnlyForDeploymentPostprocessing = 0;
		};
		B50745F925468FF300CD276C /* Sources */ = {
			isa = PBXSourcesBuildPhase;
			buildActionMask = 2147483647;
			files = (
				B507460225468FF300CD276C /* CameraDemoTests.swift in Sources */,
			);
			runOnlyForDeploymentPostprocessing = 0;
		};
		B507460425468FF300CD276C /* Sources */ = {
			isa = PBXSourcesBuildPhase;
			buildActionMask = 2147483647;
			files = (
				B507460D25468FF300CD276C /* CameraDemoUITests.swift in Sources */,
			);
			runOnlyForDeploymentPostprocessing = 0;
		};
/* End PBXSourcesBuildPhase section */

/* Begin PBXTargetDependency section */
		B50745FF25468FF300CD276C /* PBXTargetDependency */ = {
			isa = PBXTargetDependency;
			target = B50745E625468FF100CD276C /* CameraDemo */;
			targetProxy = B50745FE25468FF300CD276C /* PBXContainerItemProxy */;
		};
		B507460A25468FF300CD276C /* PBXTargetDependency */ = {
			isa = PBXTargetDependency;
			target = B50745E625468FF100CD276C /* CameraDemo */;
			targetProxy = B507460925468FF300CD276C /* PBXContainerItemProxy */;
		};
/* End PBXTargetDependency section */

/* Begin PBXVariantGroup section */
		B50745F025468FF100CD276C /* Main.storyboard */ = {
			isa = PBXVariantGroup;
			children = (
				B50745F125468FF100CD276C /* Base */,
			);
			name = Main.storyboard;
			sourceTree = "<group>";
		};
		B50745F525468FF200CD276C /* LaunchScreen.storyboard */ = {
			isa = PBXVariantGroup;
			children = (
				B50745F625468FF200CD276C /* Base */,
			);
			name = LaunchScreen.storyboard;
			sourceTree = "<group>";
		};
/* End PBXVariantGroup section */

/* Begin XCBuildConfiguration section */
		B507460F25468FF300CD276C /* Debug */ = {
			isa = XCBuildConfiguration;
			buildSettings = {
				ALWAYS_SEARCH_USER_PATHS = NO;
				CLANG_ANALYZER_NONNULL = YES;
				CLANG_ANALYZER_NUMBER_OBJECT_CONVERSION = YES_AGGRESSIVE;
				CLANG_CXX_LANGUAGE_STANDARD = "gnu++14";
				CLANG_CXX_LIBRARY = "libc++";
				CLANG_ENABLE_MODULES = YES;
				CLANG_ENABLE_OBJC_ARC = YES;
				CLANG_ENABLE_OBJC_WEAK = YES;
				CLANG_WARN_BLOCK_CAPTURE_AUTORELEASING = YES;
				CLANG_WARN_BOOL_CONVERSION = YES;
				CLANG_WARN_COMMA = YES;
				CLANG_WARN_CONSTANT_CONVERSION = YES;
				CLANG_WARN_DEPRECATED_OBJC_IMPLEMENTATIONS = YES;
				CLANG_WARN_DIRECT_OBJC_ISA_USAGE = YES_ERROR;
				CLANG_WARN_DOCUMENTATION_COMMENTS = YES;
				CLANG_WARN_EMPTY_BODY = YES;
				CLANG_WARN_ENUM_CONVERSION = YES;
				CLANG_WARN_INFINITE_RECURSION = YES;
				CLANG_WARN_INT_CONVERSION = YES;
				CLANG_WARN_NON_LITERAL_NULL_CONVERSION = YES;
				CLANG_WARN_OBJC_IMPLICIT_RETAIN_SELF = YES;
				CLANG_WARN_OBJC_LITERAL_CONVERSION = YES;
				CLANG_WARN_OBJC_ROOT_CLASS = YES_ERROR;
				CLANG_WARN_QUOTED_INCLUDE_IN_FRAMEWORK_HEADER = YES;
				CLANG_WARN_RANGE_LOOP_ANALYSIS = YES;
				CLANG_WARN_STRICT_PROTOTYPES = YES;
				CLANG_WARN_SUSPICIOUS_MOVE = YES;
				CLANG_WARN_UNGUARDED_AVAILABILITY = YES_AGGRESSIVE;
				CLANG_WARN_UNREACHABLE_CODE = YES;
				CLANG_WARN__DUPLICATE_METHOD_MATCH = YES;
				COPY_PHASE_STRIP = NO;
				DEBUG_INFORMATION_FORMAT = dwarf;
				ENABLE_STRICT_OBJC_MSGSEND = YES;
				ENABLE_TESTABILITY = YES;
				GCC_C_LANGUAGE_STANDARD = gnu11;
				GCC_DYNAMIC_NO_PIC = NO;
				GCC_NO_COMMON_BLOCKS = YES;
				GCC_OPTIMIZATION_LEVEL = 0;
				GCC_PREPROCESSOR_DEFINITIONS = (
					"DEBUG=1",
					"$(inherited)",
				);
				GCC_WARN_64_TO_32_BIT_CONVERSION = YES;
				GCC_WARN_ABOUT_RETURN_TYPE = YES_ERROR;
				GCC_WARN_UNDECLARED_SELECTOR = YES;
				GCC_WARN_UNINITIALIZED_AUTOS = YES_AGGRESSIVE;
				GCC_WARN_UNUSED_FUNCTION = YES;
				GCC_WARN_UNUSED_VARIABLE = YES;
				IPHONEOS_DEPLOYMENT_TARGET = 14.1;
				MTL_ENABLE_DEBUG_INFO = INCLUDE_SOURCE;
				MTL_FAST_MATH = YES;
				ONLY_ACTIVE_ARCH = YES;
				SDKROOT = iphoneos;
				SWIFT_ACTIVE_COMPILATION_CONDITIONS = DEBUG;
				SWIFT_OPTIMIZATION_LEVEL = "-Onone";
			};
			name = Debug;
		};
		B507461025468FF300CD276C /* Release */ = {
			isa = XCBuildConfiguration;
			buildSettings = {
				ALWAYS_SEARCH_USER_PATHS = NO;
				CLANG_ANALYZER_NONNULL = YES;
				CLANG_ANALYZER_NUMBER_OBJECT_CONVERSION = YES_AGGRESSIVE;
				CLANG_CXX_LANGUAGE_STANDARD = "gnu++14";
				CLANG_CXX_LIBRARY = "libc++";
				CLANG_ENABLE_MODULES = YES;
				CLANG_ENABLE_OBJC_ARC = YES;
				CLANG_ENABLE_OBJC_WEAK = YES;
				CLANG_WARN_BLOCK_CAPTURE_AUTORELEASING = YES;
				CLANG_WARN_BOOL_CONVERSION = YES;
				CLANG_WARN_COMMA = YES;
				CLANG_WARN_CONSTANT_CONVERSION = YES;
				CLANG_WARN_DEPRECATED_OBJC_IMPLEMENTATIONS = YES;
				CLANG_WARN_DIRECT_OBJC_ISA_USAGE = YES_ERROR;
				CLANG_WARN_DOCUMENTATION_COMMENTS = YES;
				CLANG_WARN_EMPTY_BODY = YES;
				CLANG_WARN_ENUM_CONVERSION = YES;
				CLANG_WARN_INFINITE_RECURSION = YES;
				CLANG_WARN_INT_CONVERSION = YES;
				CLANG_WARN_NON_LITERAL_NULL_CONVERSION = YES;
				CLANG_WARN_OBJC_IMPLICIT_RETAIN_SELF = YES;
				CLANG_WARN_OBJC_LITERAL_CONVERSION = YES;
				CLANG_WARN_OBJC_ROOT_CLASS = YES_ERROR;
				CLANG_WARN_QUOTED_INCLUDE_IN_FRAMEWORK_HEADER = YES;
				CLANG_WARN_RANGE_LOOP_ANALYSIS = YES;
				CLANG_WARN_STRICT_PROTOTYPES = YES;
				CLANG_WARN_SUSPICIOUS_MOVE = YES;
				CLANG_WARN_UNGUARDED_AVAILABILITY = YES_AGGRESSIVE;
				CLANG_WARN_UNREACHABLE_CODE = YES;
				CLANG_WARN__DUPLICATE_METHOD_MATCH = YES;
				COPY_PHASE_STRIP = NO;
				DEBUG_INFORMATION_FORMAT = "dwarf-with-dsym";
				ENABLE_NS_ASSERTIONS = NO;
				ENABLE_STRICT_OBJC_MSGSEND = YES;
				GCC_C_LANGUAGE_STANDARD = gnu11;
				GCC_NO_COMMON_BLOCKS = YES;
				GCC_WARN_64_TO_32_BIT_CONVERSION = YES;
				GCC_WARN_ABOUT_RETURN_TYPE = YES_ERROR;
				GCC_WARN_UNDECLARED_SELECTOR = YES;
				GCC_WARN_UNINITIALIZED_AUTOS = YES_AGGRESSIVE;
				GCC_WARN_UNUSED_FUNCTION = YES;
				GCC_WARN_UNUSED_VARIABLE = YES;
				IPHONEOS_DEPLOYMENT_TARGET = 14.1;
				MTL_ENABLE_DEBUG_INFO = NO;
				MTL_FAST_MATH = YES;
				SDKROOT = iphoneos;
				SWIFT_COMPILATION_MODE = wholemodule;
				SWIFT_OPTIMIZATION_LEVEL = "-O";
				VALIDATE_PRODUCT = YES;
			};
			name = Release;
		};
		B507461225468FF300CD276C /* Debug */ = {
			isa = XCBuildConfiguration;
			buildSettings = {
				ASSETCATALOG_COMPILER_APPICON_NAME = AppIcon;
				ASSETCATALOG_COMPILER_GLOBAL_ACCENT_COLOR_NAME = AccentColor;
				CODE_SIGN_STYLE = Automatic;
				DEVELOPMENT_TEAM = E9XGL58V9M;
				INFOPLIST_FILE = CameraDemo/Info.plist;
				LD_RUNPATH_SEARCH_PATHS = (
					"$(inherited)",
					"@executable_path/Frameworks",
				);
				PRODUCT_BUNDLE_IDENTIFIER = demo.CameraDemo;
				PRODUCT_NAME = "$(TARGET_NAME)";
				SWIFT_VERSION = 5.0;
				TARGETED_DEVICE_FAMILY = "1,2";
			};
			name = Debug;
		};
		B507461325468FF300CD276C /* Release */ = {
			isa = XCBuildConfiguration;
			buildSettings = {
				ASSETCATALOG_COMPILER_APPICON_NAME = AppIcon;
				ASSETCATALOG_COMPILER_GLOBAL_ACCENT_COLOR_NAME = AccentColor;
				CODE_SIGN_STYLE = Automatic;
				DEVELOPMENT_TEAM = E9XGL58V9M;
				INFOPLIST_FILE = CameraDemo/Info.plist;
				LD_RUNPATH_SEARCH_PATHS = (
					"$(inherited)",
					"@executable_path/Frameworks",
				);
				PRODUCT_BUNDLE_IDENTIFIER = demo.CameraDemo;
				PRODUCT_NAME = "$(TARGET_NAME)";
				SWIFT_VERSION = 5.0;
				TARGETED_DEVICE_FAMILY = "1,2";
			};
			name = Release;
		};
		B507461525468FF300CD276C /* Debug */ = {
			isa = XCBuildConfiguration;
			buildSettings = {
				ALWAYS_EMBED_SWIFT_STANDARD_LIBRARIES = YES;
				BUNDLE_LOADER = "$(TEST_HOST)";
				CODE_SIGN_STYLE = Automatic;
				DEVELOPMENT_TEAM = E9XGL58V9M;
				INFOPLIST_FILE = CameraDemoTests/Info.plist;
				IPHONEOS_DEPLOYMENT_TARGET = 14.1;
				LD_RUNPATH_SEARCH_PATHS = (
					"$(inherited)",
					"@executable_path/Frameworks",
					"@loader_path/Frameworks",
				);
				PRODUCT_BUNDLE_IDENTIFIER = demo.CameraDemoTests;
				PRODUCT_NAME = "$(TARGET_NAME)";
				SWIFT_VERSION = 5.0;
				TARGETED_DEVICE_FAMILY = "1,2";
				TEST_HOST = "$(BUILT_PRODUCTS_DIR)/CameraDemo.app/CameraDemo";
			};
			name = Debug;
		};
		B507461625468FF300CD276C /* Release */ = {
			isa = XCBuildConfiguration;
			buildSettings = {
				ALWAYS_EMBED_SWIFT_STANDARD_LIBRARIES = YES;
				BUNDLE_LOADER = "$(TEST_HOST)";
				CODE_SIGN_STYLE = Automatic;
				DEVELOPMENT_TEAM = E9XGL58V9M;
				INFOPLIST_FILE = CameraDemoTests/Info.plist;
				IPHONEOS_DEPLOYMENT_TARGET = 14.1;
				LD_RUNPATH_SEARCH_PATHS = (
					"$(inherited)",
					"@executable_path/Frameworks",
					"@loader_path/Frameworks",
				);
				PRODUCT_BUNDLE_IDENTIFIER = demo.CameraDemoTests;
				PRODUCT_NAME = "$(TARGET_NAME)";
				SWIFT_VERSION = 5.0;
				TARGETED_DEVICE_FAMILY = "1,2";
				TEST_HOST = "$(BUILT_PRODUCTS_DIR)/CameraDemo.app/CameraDemo";
			};
			name = Release;
		};
		B507461825468FF300CD276C /* Debug */ = {
			isa = XCBuildConfiguration;
			buildSettings = {
				ALWAYS_EMBED_SWIFT_STANDARD_LIBRARIES = YES;
				CODE_SIGN_STYLE = Automatic;
				DEVELOPMENT_TEAM = E9XGL58V9M;
				INFOPLIST_FILE = CameraDemoUITests/Info.plist;
				LD_RUNPATH_SEARCH_PATHS = (
					"$(inherited)",
					"@executable_path/Frameworks",
					"@loader_path/Frameworks",
				);
				PRODUCT_BUNDLE_IDENTIFIER = demo.CameraDemoUITests;
				PRODUCT_NAME = "$(TARGET_NAME)";
				SWIFT_VERSION = 5.0;
				TARGETED_DEVICE_FAMILY = "1,2";
				TEST_TARGET_NAME = CameraDemo;
			};
			name = Debug;
		};
		B507461925468FF300CD276C /* Release */ = {
			isa = XCBuildConfiguration;
			buildSettings = {
				ALWAYS_EMBED_SWIFT_STANDARD_LIBRARIES = YES;
				CODE_SIGN_STYLE = Automatic;
				DEVELOPMENT_TEAM = E9XGL58V9M;
				INFOPLIST_FILE = CameraDemoUITests/Info.plist;
				LD_RUNPATH_SEARCH_PATHS = (
					"$(inherited)",
					"@executable_path/Frameworks",
					"@loader_path/Frameworks",
				);
				PRODUCT_BUNDLE_IDENTIFIER = demo.CameraDemoUITests;
				PRODUCT_NAME = "$(TARGET_NAME)";
				SWIFT_VERSION = 5.0;
				TARGETED_DEVICE_FAMILY = "1,2";
				TEST_TARGET_NAME = CameraDemo;
			};
			name = Release;
		};
/* End XCBuildConfiguration section */

/* Begin XCConfigurationList section */
		B50745E225468FF100CD276C /* Build configuration list for PBXProject "CameraDemo" */ = {
			isa = XCConfigurationList;
			buildConfigurations = (
				B507460F25468FF300CD276C /* Debug */,
				B507461025468FF300CD276C /* Release */,
			);
			defaultConfigurationIsVisible = 0;
			defaultConfigurationName = Release;
		};
		B507461125468FF300CD276C /* Build configuration list for PBXNativeTarget "CameraDemo" */ = {
			isa = XCConfigurationList;
			buildConfigurations = (
				B507461225468FF300CD276C /* Debug */,
				B507461325468FF300CD276C /* Release */,
			);
			defaultConfigurationIsVisible = 0;
			defaultConfigurationName = Release;
		};
		B507461425468FF300CD276C /* Build configuration list for PBXNativeTarget "CameraDemoTests" */ = {
			isa = XCConfigurationList;
			buildConfigurations = (
				B507461525468FF300CD276C /* Debug */,
				B507461625468FF300CD276C /* Release */,
			);
			defaultConfigurationIsVisible = 0;
			defaultConfigurationName = Release;
		};
		B507461725468FF300CD276C /* Build configuration list for PBXNativeTarget "CameraDemoUITests" */ = {
			isa = XCConfigurationList;
			buildConfigurations = (
				B507461825468FF300CD276C /* Debug */,
				B507461925468FF300CD276C /* Release */,
			);
			defaultConfigurationIsVisible = 0;
			defaultConfigurationName = Release;
		};
/* End XCConfigurationList section */
	};
	rootObject = B50745DF25468FF100CD276C /* Project object */;
}
